Microsoft Visual Studio Solution File, Format Version 12.00
# Visual Studio Version 16
VisualStudioVersion = 16.0.28729.10
MinimumVisualStudioVersion = 10.0.40219.1
Project("{9A19103F-16F7-4668-BE54-9A1E7A4F7556}") = "restPhil", "restPhil\restPhil.csproj", "{3FF1C931-C67C-427C-B02F-514C420ED522}"
EndProject
Global
	GlobalSection(SolutionConfigurationPlatforms) = preSolution
		Debug|Any CPU = Debug|Any CPU
		Release|Any CPU = Release|Any CPU
	EndGlobalSection
	GlobalSection(ProjectConfigurationPlatforms) = postSolution
		{3FF1C931-C67C-427C-B02F-514C420ED522}.Debug|Any CPU.ActiveCfg = Debug|Any CPU
		{3FF1C931-C67C-427C-B02F-514C420ED522}.Debug|Any CPU.Build.0 = Debug|Any CPU
		{3FF1C931-C67C-427C-B02F-514C420ED522}.Release|Any CPU.ActiveCfg = Release|Any CPU
		{3FF1C931-C67C-427C-B02F-514C420ED522}.Release|Any CPU.Build.0 = Release|Any CPU
	EndGlobalSection
	GlobalSection(SolutionProperties) = preSolution
		HideSolutionNode = FALSE
	EndGlobalSection
	GlobalSection(ExtensibilityGlobals) = postSolution
		SolutionGuid = {96A2ED82-3CC6-4054-B039-8EE7323D139D}
	EndGlobalSection
EndGlobal
